
Microsoft Visual Studio Solution File, Format Version 12.00
# Visual Studio 15
VisualStudioVersion = 15.0.28307.136
MinimumVisualStudioVersion = 10.0.40219.1
Project("{FAE04EC0-301F-11D3-BF4B-00C04F79EFBC}") = "BlazorCrud.Server", "BlazorCrud.Server\BlazorCrud.Server.csproj", "{821D471F-5A03-4E8E-8A9A-62D035035D2E}"
EndProject
Project("{FAE04EC0-301F-11D3-BF4B-00C04F79EFBC}") = "BlazorCrud.Client", "BlazorCrud.Client\BlazorCrud.Client.csproj", "{B3556659-BE26-4B60-9EE0-E5692C266B38}"
EndProject
Project("{FAE04EC0-301F-11D3-BF4B-00C04F79EFBC}") = "BlazorCrud.Shared", "BlazorCrud.Shared\BlazorCrud.Shared.csproj", "{6828B5B9-05DB-431F-AE5A-F7021CDE440D}"
EndProject
Global
	GlobalSection(SolutionConfigurationPlatforms) = preSolution
		Debug|Any CPU = Debug|Any CPU
		Release|Any CPU = Release|Any CPU
	EndGlobalSection
	GlobalSection(ProjectConfigurationPlatforms) = postSolution
		{821D471F-5A03-4E8E-8A9A-62D035035D2E}.Debug|Any CPU.ActiveCfg = Debug|Any CPU
		{821D471F-5A03-4E8E-8A9A-62D035035D2E}.Debug|Any CPU.Build.0 = Debug|Any CPU
		{821D471F-5A03-4E8E-8A9A-62D035035D2E}.Release|Any CPU.ActiveCfg = Release|Any CPU
		{821D471F-5A03-4E8E-8A9A-62D035035D2E}.Release|Any CPU.Build.0 = Release|Any CPU
		{B3556659-BE26-4B60-9EE0-E5692C266B38}.Debug|Any CPU.ActiveCfg = Debug|Any CPU
		{B3556659-BE26-4B60-9EE0-E5692C266B38}.Debug|Any CPU.Build.0 = Debug|Any CPU
		{B3556659-BE26-4B60-9EE0-E5692C266B38}.Release|Any CPU.ActiveCfg = Release|Any CPU
		{B3556659-BE26-4B60-9EE0-E5692C266B38}.Release|Any CPU.Build.0 = Release|Any CPU
		{6828B5B9-05DB-431F-AE5A-F7021CDE440D}.Debug|Any CPU.ActiveCfg = Debug|Any CPU
		{6828B5B9-05DB-431F-AE5A-F7021CDE440D}.Debug|Any CPU.Build.0 = Debug|Any CPU
		{6828B5B9-05DB-431F-AE5A-F7021CDE440D}.Release|Any CPU.ActiveCfg = Release|Any CPU
		{6828B5B9-05DB-431F-AE5A-F7021CDE440D}.Release|Any CPU.Build.0 = Release|Any CPU
	EndGlobalSection
	GlobalSection(SolutionProperties) = preSolution
		HideSolutionNode = FALSE
	EndGlobalSection
	GlobalSection(ExtensibilityGlobals) = postSolution
		SolutionGuid = {22EF0117-74BF-4159-BBB0-720294A8D0F6}
	EndGlobalSection
EndGlobal
